
Microsoft Visual Studio Solution File, Format Version 12.00
# Visual Studio Version 16
VisualStudioVersion = 16.0.31112.23
MinimumVisualStudioVersion = 10.0.40219.1
Project("{FAE04EC0-301F-11D3-BF4B-00C04F79EFBC}") = "Minesweeper", "Minesweeper\Minesweeper.csproj", "{F7AFC8F0-6C03-434D-9587-261934E0C275}"
EndProject
Global
	GlobalSection(SolutionConfigurationPlatforms) = preSolution
		Debug|Any CPU = Debug|Any CPU
		Release|Any CPU = Release|Any CPU
	EndGlobalSection
	GlobalSection(ProjectConfigurationPlatforms) = postSolution
		{F7AFC8F0-6C03-434D-9587-261934E0C275}.Debug|Any CPU.ActiveCfg = Debug|Any CPU
		{F7AFC8F0-6C03-434D-9587-261934E0C275}.Debug|Any CPU.Build.0 = Debug|Any CPU
		{F7AFC8F0-6C03-434D-9587-261934E0C275}.Release|Any CPU.ActiveCfg = Release|Any CPU
		{F7AFC8F0-6C03-434D-9587-261934E0C275}.Release|Any CPU.Build.0 = Release|Any CPU
	EndGlobalSection
	GlobalSection(SolutionProperties) = preSolution
		HideSolutionNode = FALSE
	EndGlobalSection
	GlobalSection(ExtensibilityGlobals) = postSolution
		SolutionGuid = {04DDA139-1602-4290-B28E-64BD7E49B621}
	EndGlobalSection
EndGlobal
